{
  "name": "ping-example",
  "version": "1.0.0",
  "lockfileVersion": 1,
  "requires": true,
  "dependencies": {
    "tarant": {
      "version": "2.1.10",
      "resolved": "https://registry.npmjs.org/tarant/-/tarant-2.1.10.tgz",
      "integrity": "sha512-02agIwnS0ibCppISyba7JO2kvch51OtOkNYHt8cFM5/eExAm0cKrfB5lbflphxEIkr7w90Pa+Zwzv6I2q7LZKQ=="
    },
    "tslib": {
      "version": "1.9.3",
      "resolved": "https://registry.npmjs.org/tslib/-/tslib-1.9.3.tgz",
      "integrity": "sha512-4krF8scpejhaOgqzBEcGM7yDIEfi0/8+8zDRZhNZZ2kjmHJ4hv3zCbQWxoJGz1iw5U0Jl0nma13xzHXcncMavQ=="
    }
  }
}
